
Microsoft Visual Studio Solution File, Format Version 12.00
# Visual Studio Version 17
VisualStudioVersion = 17.14.36221.1 d17.14
MinimumVisualStudioVersion = 10.0.40219.1
Project("{FAE04EC0-301F-11D3-BF4B-00C04F79EFBC}") = "ZZZadanie2v3", "ZZZadanie2v3\ZZZadanie2v3.csproj", "{88DC0237-3958-472E-8055-AE8B7FF01C32}"
EndProject
Global
	GlobalSection(SolutionConfigurationPlatforms) = preSolution
		Debug|Any CPU = Debug|Any CPU
		Release|Any CPU = Release|Any CPU
	EndGlobalSection
	GlobalSection(ProjectConfigurationPlatforms) = postSolution
		{88DC0237-3958-472E-8055-AE8B7FF01C32}.Debug|Any CPU.ActiveCfg = Debug|Any CPU
		{88DC0237-3958-472E-8055-AE8B7FF01C32}.Debug|Any CPU.Build.0 = Debug|Any CPU
		{88DC0237-3958-472E-8055-AE8B7FF01C32}.Release|Any CPU.ActiveCfg = Release|Any CPU
		{88DC0237-3958-472E-8055-AE8B7FF01C32}.Release|Any CPU.Build.0 = Release|Any CPU
	EndGlobalSection
	GlobalSection(SolutionProperties) = preSolution
		HideSolutionNode = FALSE
	EndGlobalSection
	GlobalSection(ExtensibilityGlobals) = postSolution
		SolutionGuid = {66D7D915-CE18-4E95-9C2D-F23706066034}
	EndGlobalSection
EndGlobal
